// !$*UTF8*$!
{
	archiveVersion = 1;
	classes = {
	};
	objectVersion = 50;
	objects = {

/* Begin PBXBuildFile section */
		BB17371A20CDA615001C953F /* RKUIExtensions.framework in Frameworks */ = {isa = PBXBuildFile; fileRef = BB17371020CDA615001C953F /* RKUIExtensions.framework */; };
		BB17371F20CDA615001C953F /* RKUIExtensionsTests.swift in Sources */ = {isa = PBXBuildFile; fileRef = BB17371E20CDA615001C953F /* RKUIExtensionsTests.swift */; };
		BB17372120CDA615001C953F /* RKUIExtensions.h in Headers */ = {isa = PBXBuildFile; fileRef = BB17371320CDA615001C953F /* RKUIExtensions.h */; settings = {ATTRIBUTES = (Public, ); }; };
		BB17373720CDAA94001C953F /* UIButton+Colors.swift in Sources */ = {isa = PBXBuildFile; fileRef = BB17372C20CDAA94001C953F /* UIButton+Colors.swift */; };
		BB17373820CDAA94001C953F /* UIView.swift in Sources */ = {isa = PBXBuildFile; fileRef = BB17372E20CDAA94001C953F /* UIView.swift */; };
		BB17373920CDAA94001C953F /* UIColor.swift in Sources */ = {isa = PBXBuildFile; fileRef = BB17373020CDAA94001C953F /* UIColor.swift */; };
		BB17373A20CDAA94001C953F /* UIImage.swift in Sources */ = {isa = PBXBuildFile; fileRef = BB17373220CDAA94001C953F /* UIImage.swift */; };
		BB17373B20CDAA94001C953F /* UIViewController.swift in Sources */ = {isa = PBXBuildFile; fileRef = BB17373420CDAA94001C953F /* UIViewController.swift */; };
		BB17373C20CDAA94001C953F /* UIApplication.swift in Sources */ = {isa = PBXBuildFile; fileRef = BB17373620CDAA94001C953F /* UIApplication.swift */; };
		BB8297BE214E511F00E4C3E6 /* UIViewController+iOS9ScrollView.swift in Sources */ = {isa = PBXBuildFile; fileRef = BB8297BD214E511F00E4C3E6 /* UIViewController+iOS9ScrollView.swift */; };
		BB8297C0214E514600E4C3E6 /* UIView+Gradient.swift in Sources */ = {isa = PBXBuildFile; fileRef = BB8297BF214E514600E4C3E6 /* UIView+Gradient.swift */; };
		BB8297C3214E518A00E4C3E6 /* UINavigationItem+BackButton.swift in Sources */ = {isa = PBXBuildFile; fileRef = BB8297C2214E518A00E4C3E6 /* UINavigationItem+BackButton.swift */; };
		BB9FEF1421693CE7004048AE /* UIButton+Images.swift in Sources */ = {isa = PBXBuildFile; fileRef = BB9FEF1321693CE7004048AE /* UIButton+Images.swift */; };
		BBDDC32F21680C2F006615D5 /* UIView+MakeImage.swift in Sources */ = {isa = PBXBuildFile; fileRef = BBDDC32E21680C2F006615D5 /* UIView+MakeImage.swift */; };
/* End PBXBuildFile section */

/* Begin PBXContainerItemProxy section */
		BB17371B20CDA615001C953F /* PBXContainerItemProxy */ = {
			isa = PBXContainerItemProxy;
			containerPortal = BB17370720CDA615001C953F /* Project object */;
			proxyType = 1;
			remoteGlobalIDString = BB17370F20CDA615001C953F;
			remoteInfo = RKUIExtensions;
		};
/* End PBXContainerItemProxy section */

/* Begin PBXFileReference section */
		BB17371020CDA615001C953F /* RKUIExtensions.framework */ = {isa = PBXFileReference; explicitFileType = wrapper.framework; includeInIndex = 0; path = RKUIExtensions.framework; sourceTree = BUILT_PRODUCTS_DIR; };
		BB17371320CDA615001C953F /* RKUIExtensions.h */ = {isa = PBXFileReference; lastKnownFileType = sourcecode.c.h; path = RKUIExtensions.h; sourceTree = "<group>"; };
		BB17371420CDA615001C953F /* Info.plist */ = {isa = PBXFileReference; lastKnownFileType = text.plist.xml; path = Info.plist; sourceTree = "<group>"; };
		BB17371920CDA615001C953F /* RKUIExtensionsTests.xctest */ = {isa = PBXFileReference; explicitFileType = wrapper.cfbundle; includeInIndex = 0; path = RKUIExtensionsTests.xctest; sourceTree = BUILT_PRODUCTS_DIR; };
		BB17371E20CDA615001C953F /* RKUIExtensionsTests.swift */ = {isa = PBXFileReference; lastKnownFileType = sourcecode.swift; path = RKUIExtensionsTests.swift; sourceTree = "<group>"; };
		BB17372020CDA615001C953F /* Info.plist */ = {isa = PBXFileReference; lastKnownFileType = text.plist.xml; path = Info.plist; sourceTree = "<group>"; };
		BB17372C20CDAA94001C953F /* UIButton+Colors.swift */ = {isa = PBXFileReference; fileEncoding = 4; lastKnownFileType = sourcecode.swift; path = "UIButton+Colors.swift"; sourceTree = "<group>"; };
		BB17372E20CDAA94001C953F /* UIView.swift */ = {isa = PBXFileReference; fileEncoding = 4; lastKnownFileType = sourcecode.swift; path = UIView.swift; sourceTree = "<group>"; };
		BB17373020CDAA94001C953F /* UIColor.swift */ = {isa = PBXFileReference; fileEncoding = 4; lastKnownFileType = sourcecode.swift; path = UIColor.swift; sourceTree = "<group>"; };
		BB17373220CDAA94001C953F /* UIImage.swift */ = {isa = PBXFileReference; fileEncoding = 4; lastKnownFileType = sourcecode.swift; path = UIImage.swift; sourceTree = "<group>"; };
		BB17373420CDAA94001C953F /* UIViewController.swift */ = {isa = PBXFileReference; fileEncoding = 4; lastKnownFileType = sourcecode.swift; path = UIViewController.swift; sourceTree = "<group>"; };
		BB17373620CDAA94001C953F /* UIApplication.swift */ = {isa = PBXFileReference; fileEncoding = 4; lastKnownFileType = sourcecode.swift; path = UIApplication.swift; sourceTree = "<group>"; };
		BB8297BD214E511F00E4C3E6 /* UIViewController+iOS9ScrollView.swift */ = {isa = PBXFileReference; lastKnownFileType = sourcecode.swift; path = "UIViewController+iOS9ScrollView.swift"; sourceTree = "<group>"; };
		BB8297BF214E514600E4C3E6 /* UIView+Gradient.swift */ = {isa = PBXFileReference; lastKnownFileType = sourcecode.swift; path = "UIView+Gradient.swift"; sourceTree = "<group>"; };
		BB8297C2214E518A00E4C3E6 /* UINavigationItem+BackButton.swift */ = {isa = PBXFileReference; lastKnownFileType = sourcecode.swift; path = "UINavigationItem+BackButton.swift"; sourceTree = "<group>"; };
		BB9FEF1321693CE7004048AE /* UIButton+Images.swift */ = {isa = PBXFileReference; lastKnownFileType = sourcecode.swift; path = "UIButton+Images.swift"; sourceTree = "<group>"; };
		BBDDC32E21680C2F006615D5 /* UIView+MakeImage.swift */ = {isa = PBXFileReference; lastKnownFileType = sourcecode.swift; path = "UIView+MakeImage.swift"; sourceTree = "<group>"; };
/* End PBXFileReference section */

/* Begin PBXFrameworksBuildPhase section */
		BB17370C20CDA615001C953F /* Frameworks */ = {
			isa = PBXFrameworksBuildPhase;
			buildActionMask = 2147483647;
			files = (
			);
			runOnlyForDeploymentPostprocessing = 0;
		};
		BB17371620CDA615001C953F /* Frameworks */ = {
			isa = PBXFrameworksBuildPhase;
			buildActionMask = 2147483647;
			files = (
				BB17371A20CDA615001C953F /* RKUIExtensions.framework in Frameworks */,
			);
			runOnlyForDeploymentPostprocessing = 0;
		};
/* End PBXFrameworksBuildPhase section */

/* Begin PBXGroup section */
		BB17370620CDA615001C953F = {
			isa = PBXGroup;
			children = (
				BB17371220CDA615001C953F /* RKUIExtensions */,
				BB17371D20CDA615001C953F /* RKUIExtensionsTests */,
				BB17371120CDA615001C953F /* Products */,
			);
			sourceTree = "<group>";
		};
		BB17371120CDA615001C953F /* Products */ = {
			isa = PBXGroup;
			children = (
				BB17371020CDA615001C953F /* RKUIExtensions.framework */,
				BB17371920CDA615001C953F /* RKUIExtensionsTests.xctest */,
			);
			name = Products;
			sourceTree = "<group>";
		};
		BB17371220CDA615001C953F /* RKUIExtensions */ = {
			isa = PBXGroup;
			children = (
				BB17372A20CDAA94001C953F /* Sources */,
				BB17371320CDA615001C953F /* RKUIExtensions.h */,
				BB17371420CDA615001C953F /* Info.plist */,
			);
			path = RKUIExtensions;
			sourceTree = "<group>";
		};
		BB17371D20CDA615001C953F /* RKUIExtensionsTests */ = {
			isa = PBXGroup;
			children = (
				BB17371E20CDA615001C953F /* RKUIExtensionsTests.swift */,
				BB17372020CDA615001C953F /* Info.plist */,
			);
			path = RKUIExtensionsTests;
			sourceTree = "<group>";
		};
		BB17372A20CDAA94001C953F /* Sources */ = {
			isa = PBXGroup;
			children = (
				BB8297C1214E517800E4C3E6 /* UINavigation */,
				BB17373520CDAA94001C953F /* UIApplication */,
				BB17372B20CDAA94001C953F /* UIButton */,
				BB17372F20CDAA94001C953F /* UIColor */,
				BB17373120CDAA94001C953F /* UIImage */,
				BB17372D20CDAA94001C953F /* UIView */,
				BB17373320CDAA94001C953F /* UIViewController */,
			);
			path = Sources;
			sourceTree = SOURCE_ROOT;
		};
		BB17372B20CDAA94001C953F /* UIButton */ = {
			isa = PBXGroup;
			children = (
				BB17372C20CDAA94001C953F /* UIButton+Colors.swift */,
				BB9FEF1321693CE7004048AE /* UIButton+Images.swift */,
			);
			path = UIButton;
			sourceTree = "<group>";
		};
		BB17372D20CDAA94001C953F /* UIView */ = {
			isa = PBXGroup;
			children = (
				BB17372E20CDAA94001C953F /* UIView.swift */,
				BB8297BF214E514600E4C3E6 /* UIView+Gradient.swift */,
				BBDDC32E21680C2F006615D5 /* UIView+MakeImage.swift */,
			);
			path = UIView;
			sourceTree = "<group>";
		};
		BB17372F20CDAA94001C953F /* UIColor */ = {
			isa = PBXGroup;
			children = (
				BB17373020CDAA94001C953F /* UIColor.swift */,
			);
			path = UIColor;
			sourceTree = "<group>";
		};
		BB17373120CDAA94001C953F /* UIImage */ = {
			isa = PBXGroup;
			children = (
				BB17373220CDAA94001C953F /* UIImage.swift */,
			);
			path = UIImage;
			sourceTree = "<group>";
		};
		BB17373320CDAA94001C953F /* UIViewController */ = {
			isa = PBXGroup;
			children = (
				BB17373420CDAA94001C953F /* UIViewController.swift */,
				BB8297BD214E511F00E4C3E6 /* UIViewController+iOS9ScrollView.swift */,
			);
			path = UIViewController;
			sourceTree = "<group>";
		};
		BB17373520CDAA94001C953F /* UIApplication */ = {
			isa = PBXGroup;
			children = (
				BB17373620CDAA94001C953F /* UIApplication.swift */,
			);
			path = UIApplication;
			sourceTree = "<group>";
		};
		BB8297C1214E517800E4C3E6 /* UINavigation */ = {
			isa = PBXGroup;
			children = (
				BB8297C2214E518A00E4C3E6 /* UINavigationItem+BackButton.swift */,
			);
			path = UINavigation;
			sourceTree = "<group>";
		};
/* End PBXGroup section */

/* Begin PBXHeadersBuildPhase section */
		BB17370D20CDA615001C953F /* Headers */ = {
			isa = PBXHeadersBuildPhase;
			buildActionMask = 2147483647;
			files = (
				BB17372120CDA615001C953F /* RKUIExtensions.h in Headers */,
			);
			runOnlyForDeploymentPostprocessing = 0;
		};
/* End PBXHeadersBuildPhase section */

/* Begin PBXNativeTarget section */
		BB17370F20CDA615001C953F /* RKUIExtensions */ = {
			isa = PBXNativeTarget;
			buildConfigurationList = BB17372420CDA615001C953F /* Build configuration list for PBXNativeTarget "RKUIExtensions" */;
			buildPhases = (
				BB17370B20CDA615001C953F /* Sources */,
				BB17370C20CDA615001C953F /* Frameworks */,
				BB17370D20CDA615001C953F /* Headers */,
				BB17370E20CDA615001C953F /* Resources */,
			);
			buildRules = (
			);
			dependencies = (
			);
			name = RKUIExtensions;
			productName = RKUIExtensions;
			productReference = BB17371020CDA615001C953F /* RKUIExtensions.framework */;
			productType = "com.apple.product-type.framework";
		};
		BB17371820CDA615001C953F /* RKUIExtensionsTests */ = {
			isa = PBXNativeTarget;
			buildConfigurationList = BB17372720CDA615001C953F /* Build configuration list for PBXNativeTarget "RKUIExtensionsTests" */;
			buildPhases = (
				BB17371520CDA615001C953F /* Sources */,
				BB17371620CDA615001C953F /* Frameworks */,
				BB17371720CDA615001C953F /* Resources */,
			);
			buildRules = (
			);
			dependencies = (
				BB17371C20CDA615001C953F /* PBXTargetDependency */,
			);
			name = RKUIExtensionsTests;
			productName = RKUIExtensionsTests;
			productReference = BB17371920CDA615001C953F /* RKUIExtensionsTests.xctest */;
			productType = "com.apple.product-type.bundle.unit-test";
		};
/* End PBXNativeTarget section */

/* Begin PBXProject section */
		BB17370720CDA615001C953F /* Project object */ = {
			isa = PBXProject;
			attributes = {
				LastSwiftUpdateCheck = 0930;
				LastUpgradeCheck = 0930;
				ORGANIZATIONNAME = "Roman Kotov";
				TargetAttributes = {
					BB17370F20CDA615001C953F = {
						CreatedOnToolsVersion = 9.3.1;
					};
					BB17371820CDA615001C953F = {
						CreatedOnToolsVersion = 9.3.1;
					};
				};
			};
			buildConfigurationList = BB17370A20CDA615001C953F /* Build configuration list for PBXProject "RKUIExtensions" */;
			compatibilityVersion = "Xcode 9.3";
			developmentRegion = en;
			hasScannedForEncodings = 0;
			knownRegions = (
				en,
			);
			mainGroup = BB17370620CDA615001C953F;
			productRefGroup = BB17371120CDA615001C953F /* Products */;
			projectDirPath = "";
			projectRoot = "";
			targets = (
				BB17370F20CDA615001C953F /* RKUIExtensions */,
				BB17371820CDA615001C953F /* RKUIExtensionsTests */,
			);
		};
/* End PBXProject section */

/* Begin PBXResourcesBuildPhase section */
		BB17370E20CDA615001C953F /* Resources */ = {
			isa = PBXResourcesBuildPhase;
			buildActionMask = 2147483647;
			files = (
			);
			runOnlyForDeploymentPostprocessing = 0;
		};
		BB17371720CDA615001C953F /* Resources */ = {
			isa = PBXResourcesBuildPhase;
			buildActionMask = 2147483647;
			files = (
			);
			runOnlyForDeploymentPostprocessing = 0;
		};
/* End PBXResourcesBuildPhase section */

/* Begin PBXSourcesBuildPhase section */
		BB17370B20CDA615001C953F /* Sources */ = {
			isa = PBXSourcesBuildPhase;
			buildActionMask = 2147483647;
			files = (
				BBDDC32F21680C2F006615D5 /* UIView+MakeImage.swift in Sources */,
				BB17373C20CDAA94001C953F /* UIApplication.swift in Sources */,
				BB17373820CDAA94001C953F /* UIView.swift in Sources */,
				BB8297C0214E514600E4C3E6 /* UIView+Gradient.swift in Sources */,
				BB8297C3214E518A00E4C3E6 /* UINavigationItem+BackButton.swift in Sources */,
				BB17373A20CDAA94001C953F /* UIImage.swift in Sources */,
				BB17373920CDAA94001C953F /* UIColor.swift in Sources */,
				BB9FEF1421693CE7004048AE /* UIButton+Images.swift in Sources */,
				BB17373720CDAA94001C953F /* UIButton+Colors.swift in Sources */,
				BB17373B20CDAA94001C953F /* UIViewController.swift in Sources */,
				BB8297BE214E511F00E4C3E6 /* UIViewController+iOS9ScrollView.swift in Sources */,
			);
			runOnlyForDeploymentPostprocessing = 0;
		};
		BB17371520CDA615001C953F /* Sources */ = {
			isa = PBXSourcesBuildPhase;
			buildActionMask = 2147483647;
			files = (
				BB17371F20CDA615001C953F /* RKUIExtensionsTests.swift in Sources */,
			);
			runOnlyForDeploymentPostprocessing = 0;
		};
/* End PBXSourcesBuildPhase section */

/* Begin PBXTargetDependency section */
		BB17371C20CDA615001C953F /* PBXTargetDependency */ = {
			isa = PBXTargetDependency;
			target = BB17370F20CDA615001C953F /* RKUIExtensions */;
			targetProxy = BB17371B20CDA615001C953F /* PBXContainerItemProxy */;
		};
/* End PBXTargetDependency section */

/* Begin XCBuildConfiguration section */
		BB17372220CDA615001C953F /* Debug */ = {
			isa = XCBuildConfiguration;
			buildSettings = {
				ALWAYS_SEARCH_USER_PATHS = NO;
				CLANG_ANALYZER_NONNULL = YES;
				CLANG_ANALYZER_NUMBER_OBJECT_CONVERSION = YES_AGGRESSIVE;
				CLANG_CXX_LANGUAGE_STANDARD = "gnu++14";
				CLANG_CXX_LIBRARY = "libc++";
				CLANG_ENABLE_MODULES = YES;
				CLANG_ENABLE_OBJC_ARC = YES;
				CLANG_ENABLE_OBJC_WEAK = YES;
				CLANG_WARN_BLOCK_CAPTURE_AUTORELEASING = YES;
				CLANG_WARN_BOOL_CONVERSION = YES;
				CLANG_WARN_COMMA = YES;
				CLANG_WARN_CONSTANT_CONVERSION = YES;
				CLANG_WARN_DEPRECATED_OBJC_IMPLEMENTATIONS = YES;
				CLANG_WARN_DIRECT_OBJC_ISA_USAGE = YES_ERROR;
				CLANG_WARN_DOCUMENTATION_COMMENTS = YES;
				CLANG_WARN_EMPTY_BODY = YES;
				CLANG_WARN_ENUM_CONVERSION = YES;
				CLANG_WARN_INFINITE_RECURSION = YES;
				CLANG_WARN_INT_CONVERSION = YES;
				CLANG_WARN_NON_LITERAL_NULL_CONVERSION = YES;
				CLANG_WARN_OBJC_IMPLICIT_RETAIN_SELF = YES;
				CLANG_WARN_OBJC_LITERAL_CONVERSION = YES;
				CLANG_WARN_OBJC_ROOT_CLASS = YES_ERROR;
				CLANG_WARN_RANGE_LOOP_ANALYSIS = YES;
				CLANG_WARN_STRICT_PROTOTYPES = YES;
				CLANG_WARN_SUSPICIOUS_MOVE = YES;
				CLANG_WARN_UNGUARDED_AVAILABILITY = YES_AGGRESSIVE;
				CLANG_WARN_UNREACHABLE_CODE = YES;
				CLANG_WARN__DUPLICATE_METHOD_MATCH = YES;
				CODE_SIGN_IDENTITY = "iPhone Developer";
				COPY_PHASE_STRIP = NO;
				CURRENT_PROJECT_VERSION = 1;
				DEBUG_INFORMATION_FORMAT = dwarf;
				ENABLE_STRICT_OBJC_MSGSEND = YES;
				ENABLE_TESTABILITY = YES;
				GCC_C_LANGUAGE_STANDARD = gnu11;
				GCC_DYNAMIC_NO_PIC = NO;
				GCC_NO_COMMON_BLOCKS = YES;
				GCC_OPTIMIZATION_LEVEL = 0;
				GCC_PREPROCESSOR_DEFINITIONS = (
					"DEBUG=1",
					"$(inherited)",
				);
				GCC_WARN_64_TO_32_BIT_CONVERSION = YES;
				GCC_WARN_ABOUT_RETURN_TYPE = YES_ERROR;
				GCC_WARN_UNDECLARED_SELECTOR = YES;
				GCC_WARN_UNINITIALIZED_AUTOS = YES_AGGRESSIVE;
				GCC_WARN_UNUSED_FUNCTION = YES;
				GCC_WARN_UNUSED_VARIABLE = YES;
				IPHONEOS_DEPLOYMENT_TARGET = 11.3;
				MTL_ENABLE_DEBUG_INFO = YES;
				ONLY_ACTIVE_ARCH = YES;
				SDKROOT = iphoneos;
				SWIFT_ACTIVE_COMPILATION_CONDITIONS = DEBUG;
				SWIFT_OPTIMIZATION_LEVEL = "-Onone";
				VERSIONING_SYSTEM = "apple-generic";
				VERSION_INFO_PREFIX = "";
			};
			name = Debug;
		};
		BB17372320CDA615001C953F /* Release */ = {
			isa = XCBuildConfiguration;
			buildSettings = {
				ALWAYS_SEARCH_USER_PATHS = NO;
				CLANG_ANALYZER_NONNULL = YES;
				CLANG_ANALYZER_NUMBER_OBJECT_CONVERSION = YES_AGGRESSIVE;
				CLANG_CXX_LANGUAGE_STANDARD = "gnu++14";
				CLANG_CXX_LIBRARY = "libc++";
				CLANG_ENABLE_MODULES = YES;
				CLANG_ENABLE_OBJC_ARC = YES;
				CLANG_ENABLE_OBJC_WEAK = YES;
				CLANG_WARN_BLOCK_CAPTURE_AUTORELEASING = YES;
				CLANG_WARN_BOOL_CONVERSION = YES;
				CLANG_WARN_COMMA = YES;
				CLANG_WARN_CONSTANT_CONVERSION = YES;
				CLANG_WARN_DEPRECATED_OBJC_IMPLEMENTATIONS = YES;
				CLANG_WARN_DIRECT_OBJC_ISA_USAGE = YES_ERROR;
				CLANG_WARN_DOCUMENTATION_COMMENTS = YES;
				CLANG_WARN_EMPTY_BODY = YES;
				CLANG_WARN_ENUM_CONVERSION = YES;
				CLANG_WARN_INFINITE_RECURSION = YES;
				CLANG_WARN_INT_CONVERSION = YES;
				CLANG_WARN_NON_LITERAL_NULL_CONVERSION = YES;
				CLANG_WARN_OBJC_IMPLICIT_RETAIN_SELF = YES;
				CLANG_WARN_OBJC_LITERAL_CONVERSION = YES;
				CLANG_WARN_OBJC_ROOT_CLASS = YES_ERROR;
				CLANG_WARN_RANGE_LOOP_ANALYSIS = YES;
				CLANG_WARN_STRICT_PROTOTYPES = YES;
				CLANG_WARN_SUSPICIOUS_MOVE = YES;
				CLANG_WARN_UNGUARDED_AVAILABILITY = YES_AGGRESSIVE;
				CLANG_WARN_UNREACHABLE_CODE = YES;
				CLANG_WARN__DUPLICATE_METHOD_MATCH = YES;
				CODE_SIGN_IDENTITY = "iPhone Developer";
				COPY_PHASE_STRIP = NO;
				CURRENT_PROJECT_VERSION = 1;
				DEBUG_INFORMATION_FORMAT = "dwarf-with-dsym";
				ENABLE_NS_ASSERTIONS = NO;
				ENABLE_STRICT_OBJC_MSGSEND = YES;
				GCC_C_LANGUAGE_STANDARD = gnu11;
				GCC_NO_COMMON_BLOCKS = YES;
				GCC_WARN_64_TO_32_BIT_CONVERSION = YES;
				GCC_WARN_ABOUT_RETURN_TYPE = YES_ERROR;
				GCC_WARN_UNDECLARED_SELECTOR = YES;
				GCC_WARN_UNINITIALIZED_AUTOS = YES_AGGRESSIVE;
				GCC_WARN_UNUSED_FUNCTION = YES;
				GCC_WARN_UNUSED_VARIABLE = YES;
				IPHONEOS_DEPLOYMENT_TARGET = 11.3;
				MTL_ENABLE_DEBUG_INFO = NO;
				SDKROOT = iphoneos;
				SWIFT_COMPILATION_MODE = wholemodule;
				SWIFT_OPTIMIZATION_LEVEL = "-O";
				VALIDATE_PRODUCT = YES;
				VERSIONING_SYSTEM = "apple-generic";
				VERSION_INFO_PREFIX = "";
			};
			name = Release;
		};
		BB17372520CDA615001C953F /* Debug */ = {
			isa = XCBuildConfiguration;
			buildSettings = {
				CODE_SIGN_IDENTITY = "";
				CODE_SIGN_STYLE = Automatic;
				DEFINES_MODULE = YES;
				DYLIB_COMPATIBILITY_VERSION = 1;
				DYLIB_CURRENT_VERSION = 1;
				DYLIB_INSTALL_NAME_BASE = "@rpath";
				INFOPLIST_FILE = RKUIExtensions/Info.plist;
				INSTALL_PATH = "$(LOCAL_LIBRARY_DIR)/Frameworks";
				IPHONEOS_DEPLOYMENT_TARGET = 9.0;
				LD_RUNPATH_SEARCH_PATHS = (
					"$(inherited)",
					"@executable_path/Frameworks",
					"@loader_path/Frameworks",
				);
				PRODUCT_BUNDLE_IDENTIFIER = com.waydeveloper.RKUIExtensions;
				PRODUCT_NAME = "$(TARGET_NAME:c99extidentifier)";
				SKIP_INSTALL = YES;
				SWIFT_VERSION = 4.0;
				TARGETED_DEVICE_FAMILY = "1,2";
			};
			name = Debug;
		};
		BB17372620CDA615001C953F /* Release */ = {
			isa = XCBuildConfiguration;
			buildSettings = {
				CODE_SIGN_IDENTITY = "";
				CODE_SIGN_STYLE = Automatic;
				DEFINES_MODULE = YES;
				DYLIB_COMPATIBILITY_VERSION = 1;
				DYLIB_CURRENT_VERSION = 1;
				DYLIB_INSTALL_NAME_BASE = "@rpath";
				INFOPLIST_FILE = RKUIExtensions/Info.plist;
				INSTALL_PATH = "$(LOCAL_LIBRARY_DIR)/Frameworks";
				IPHONEOS_DEPLOYMENT_TARGET = 9.0;
				LD_RUNPATH_SEARCH_PATHS = (
					"$(inherited)",
					"@executable_path/Frameworks",
					"@loader_path/Frameworks",
				);
				PRODUCT_BUNDLE_IDENTIFIER = com.waydeveloper.RKUIExtensions;
				PRODUCT_NAME = "$(TARGET_NAME:c99extidentifier)";
				SKIP_INSTALL = YES;
				SWIFT_VERSION = 4.0;
				TARGETED_DEVICE_FAMILY = "1,2";
			};
			name = Release;
		};
		BB17372820CDA615001C953F /* Debug */ = {
			isa = XCBuildConfiguration;
			buildSettings = {
				ALWAYS_EMBED_SWIFT_STANDARD_LIBRARIES = YES;
				CODE_SIGN_STYLE = Automatic;
				INFOPLIST_FILE = RKUIExtensionsTests/Info.plist;
				LD_RUNPATH_SEARCH_PATHS = (
					"$(inherited)",
					"@executable_path/Frameworks",
					"@loader_path/Frameworks",
				);
				PRODUCT_BUNDLE_IDENTIFIER = com.waydeveloper.RKUIExtensionsTests;
				PRODUCT_NAME = "$(TARGET_NAME)";
				SWIFT_VERSION = 4.0;
				TARGETED_DEVICE_FAMILY = "1,2";
			};
			name = Debug;
		};
		BB17372920CDA615001C953F /* Release */ = {
			isa = XCBuildConfiguration;
			buildSettings = {
				ALWAYS_EMBED_SWIFT_STANDARD_LIBRARIES = YES;
				CODE_SIGN_STYLE = Automatic;
				INFOPLIST_FILE = RKUIExtensionsTests/Info.plist;
				LD_RUNPATH_SEARCH_PATHS = (
					"$(inherited)",
					"@executable_path/Frameworks",
					"@loader_path/Frameworks",
				);
				PRODUCT_BUNDLE_IDENTIFIER = com.waydeveloper.RKUIExtensionsTests;
				PRODUCT_NAME = "$(TARGET_NAME)";
				SWIFT_VERSION = 4.0;
				TARGETED_DEVICE_FAMILY = "1,2";
			};
			name = Release;
		};
/* End XCBuildConfiguration section */

/* Begin XCConfigurationList section */
		BB17370A20CDA615001C953F /* Build configuration list for PBXProject "RKUIExtensions" */ = {
			isa = XCConfigurationList;
			buildConfigurations = (
				BB17372220CDA615001C953F /* Debug */,
				BB17372320CDA615001C953F /* Release */,
			);
			defaultConfigurationIsVisible = 0;
			defaultConfigurationName = Release;
		};
		BB17372420CDA615001C953F /* Build configuration list for PBXNativeTarget "RKUIExtensions" */ = {
			isa = XCConfigurationList;
			buildConfigurations = (
				BB17372520CDA615001C953F /* Debug */,
				BB17372620CDA615001C953F /* Release */,
			);
			defaultConfigurationIsVisible = 0;
			defaultConfigurationName = Release;
		};
		BB17372720CDA615001C953F /* Build configuration list for PBXNativeTarget "RKUIExtensionsTests" */ = {
			isa = XCConfigurationList;
			buildConfigurations = (
				BB17372820CDA615001C953F /* Debug */,
				BB17372920CDA615001C953F /* Release */,
			);
			defaultConfigurationIsVisible = 0;
			defaultConfigurationName = Release;
		};
/* End XCConfigurationList section */
	};
	rootObject = BB17370720CDA615001C953F /* Project object */;
}
